{
  "version": 4,
  "terraform_version": "1.5.0",
  "serial": 4,
  "lineage": "5c7a8263-7606-3860-d9fb-9d824285f92a",
  "outputs": {},
  "resources": [
    {
      "mode": "managed",
      "type": "docker_container",
      "name": "nginx",
      "provider": "provider[\"registry.terraform.io/kreuzwerker/docker\"]",
      "instances": [
        {
          "status": "tainted",
          "schema_version": 2,
          "attributes": {
            "attach": false,
            "bridge": null,
            "capabilities": [],
            "cgroupns_mode": null,
            "command": null,
            "container_logs": null,
            "container_read_refresh_timeout_milliseconds": 15000,
            "cpu_set": null,
            "cpu_shares": null,
            "destroy_grace_seconds": null,
            "devices": [],
            "dns": null,
            "dns_opts": null,
            "dns_search": null,
            "domainname": null,
            "entrypoint": null,
            "env": [],
            "exit_code": null,
            "gpus": null,
            "group_add": null,
            "healthcheck": null,
            "host": [],
            "hostname": null,
            "id": "0c84d6a363ad5a2b8baed37fe941fd40f536e0954cbb09c8e30de2e409fd02bd",
            "image": "nginx:latest",
            "init": null,
            "ipc_mode": null,
            "labels": [],
            "log_driver": null,
            "log_opts": null,
            "logs": false,
            "max_retry_count": null,
            "memory": null,
            "memory_swap": null,
            "mounts": [],
            "must_run": true,
            "name": "nginx-tf",
            "network_data": null,
            "network_mode": null,
            "networks_advanced": [],
            "pid_mode": null,
            "ports": [
              {
                "external": 80,
                "internal": 80,
                "ip": "0.0.0.0",
                "protocol": "tcp"
              }
            ],
            "privileged": null,
            "publish_all_ports": null,
            "read_only": false,
            "remove_volumes": true,
            "restart": "no",
            "rm": false,
            "runtime": null,
            "security_opts": [],
            "shm_size": null,
            "start": true,
            "stdin_open": false,
            "stop_signal": null,
            "stop_timeout": null,
            "storage_opts": null,
            "sysctls": null,
            "tmpfs": null,
            "tty": false,
            "ulimit": [],
            "upload": [],
            "user": null,
            "userns_mode": null,
            "volumes": [],
            "wait": false,
            "wait_timeout": 60,
            "working_dir": null
          },
          "sensitive_attributes": [],
          "private": "eyJzY2hlbWFfdmVyc2lvbiI6IjIifQ==",
          "dependencies": [
            "docker_image.nginx"
          ]
        }
      ]
    },
    {
      "mode": "managed",
      "type": "docker_image",
      "name": "nginx",
      "provider": "provider[\"registry.terraform.io/kreuzwerker/docker\"]",
      "instances": [
        {
          "schema_version": 0,
          "attributes": {
            "build": [],
            "force_remove": null,
            "id": "sha256:7d3c40f240e18f6b440bf06b1dfd8a9c48a49c1dfe3400772c3b378739cbdc47nginx:latest",
            "image_id": "sha256:7d3c40f240e18f6b440bf06b1dfd8a9c48a49c1dfe3400772c3b378739cbdc47",
            "keep_locally": false,
            "name": "nginx:latest",
            "platform": null,
            "pull_triggers": null,
            "repo_digest": "nginx@sha256:b997b0db9c2bc0a2fb803ced5fb9ff3a757e54903a28ada3e50412cc3ab7822f",
            "triggers": null
          },
          "sensitive_attributes": [],
          "private": "bnVsbA=="
        }
      ]
    },
    {
      "mode": "managed",
      "type": "local_file",
      "name": "devops",
      "provider": "provider[\"registry.terraform.io/hashicorp/local\"]",
      "instances": [
        {
          "schema_version": 0,
          "attributes": {
            "content": "im testing terraform",
            "content_base64": null,
            "content_base64sha256": "qrr/0QBY8JEmXQoFjbEmp+VRvXj/tR+V2fmbeKpY6xA=",
            "content_base64sha512": "9uwFCC3Xhvp84yszPnyADYIFe+CajUDjmxSGVi4pB7XZRVVy0YXc4mmmW+wzvEgkFwiENtVVF7Ow55HFBLIOjg==",
            "content_md5": "db36d1f52ada1a5762ca73ba8d7d2dc7",
            "content_sha1": "cb0db7136f247fccf591e8cec8ae67b8584b505c",
            "content_sha256": "aabaffd10058f091265d0a058db126a7e551bd78ffb51f95d9f99b78aa58eb10",
            "content_sha512": "f6ec05082dd786fa7ce32b333e7c800d82057be09a8d40e39b1486562e2907b5d9455572d185dce269a65bec33bc482417088436d55517b3b0e791c504b20e8e",
            "directory_permission": "0777",
            "file_permission": "0777",
            "filename": "/home/darkmechanic/.terraform_conf/test.txt",
            "id": "cb0db7136f247fccf591e8cec8ae67b8584b505c",
            "sensitive_content": null,
            "source": null
          },
          "sensitive_attributes": []
        }
      ]
    }
  ],
  "check_results": null
}
